# This file is generated by running "yarn install" inside your project.
# Manual changes might be lost - proceed with caution!

__metadata:
  version: 10
  cacheKey: 10c0

"@inversifyjs/common@npm:1.4.0":
  version: 1.4.0
  resolution: "@inversifyjs/common@npm:1.4.0"
  checksum: 10c0/03f76538de4d678f09c1d8a84351bcbedd5add502c46af27b8ce439d07162c428fccf26d23f0452e2adf1aaa893e179372c04f2aa9bfc3554e3125e43a76dd2b
  languageName: node
  linkType: hard

"@inversifyjs/core@npm:1.3.5":
  version: 1.3.5
  resolution: "@inversifyjs/core@npm:1.3.5"
  dependencies:
    "@inversifyjs/common": "npm:1.4.0"
    "@inversifyjs/reflect-metadata-utils": "npm:0.2.4"
  checksum: 10c0/c0b08d574be8a5a6b4c69910b443491b9b48f37a122e606e5b1a23c5d988f89f87571ef06c01465d20284515941a86685fd0eb1967be3d2e4957f8ea1fb602e5
  languageName: node
  linkType: hard

"@inversifyjs/reflect-metadata-utils@npm:0.2.4":
  version: 0.2.4
  resolution: "@inversifyjs/reflect-metadata-utils@npm:0.2.4"
  peerDependencies:
    reflect-metadata: 0.2.2
  checksum: 10c0/cfe93bf2366ea8fbf8e968c06e422b93ad20e5a264706aa632bca481a35f2324c38f826d639b8039181760e6a2a8cf9ef89ca57b7cec9851638cf99a1377596a
  languageName: node
  linkType: hard

"@isaacs/cliui@npm:^8.0.2":
  version: 8.0.2
  resolution: "@isaacs/cliui@npm:8.0.2"
  dependencies:
    string-width: "npm:^5.1.2"
    string-width-cjs: "npm:string-width@^4.2.0"
    strip-ansi: "npm:^7.0.1"
    strip-ansi-cjs: "npm:strip-ansi@^6.0.1"
    wrap-ansi: "npm:^8.1.0"
    wrap-ansi-cjs: "npm:wrap-ansi@^7.0.0"
  checksum: 10c0/b1bf42535d49f11dc137f18d5e4e63a28c5569de438a221c369483731e9dac9fb797af554e8bf02b6192d1e5eba6e6402cf93900c3d0ac86391d00d04876789e
  languageName: node
  linkType: hard

"@pkgjs/parseargs@npm:^0.11.0":
  version: 0.11.0
  resolution: "@pkgjs/parseargs@npm:0.11.0"
  checksum: 10c0/5bd7576bb1b38a47a7fc7b51ac9f38748e772beebc56200450c4a817d712232b8f1d3ef70532c80840243c657d491cf6a6be1e3a214cff907645819fdc34aadd
  languageName: node
  linkType: hard

"@reactorynet/workflow-es@file:../../core::locator=workflow-es-mysql%40workspace%3A.":
  version: 2.4.0-reactory.4
  resolution: "@reactorynet/workflow-es@file:../../core#../../core::hash=7eda01&locator=workflow-es-mysql%40workspace%3A."
  dependencies:
    inversify: "npm:^6.0.0"
    reflect-metadata: "npm:^0.2.0"
  checksum: 10c0/c9114b52b2e77767d056c6bedb4d20f87ce77d42fd223aba8a3850c8dd9b25ad2ba7d82780696a7bac94113f00816519be985685aed5bfafafd2c77a80eb308e
  languageName: node
  linkType: hard

"@types/bluebird@npm:*":
  version: 3.5.42
  resolution: "@types/bluebird@npm:3.5.42"
  checksum: 10c0/ce752a5e277bbc0cdee3dee9c875ac093d1331905a8a5175665ccb8cb76b7b95a84836f92bc46076c2fd1e384a107866893eeeb20f6fb33427482663879faf93
  languageName: node
  linkType: hard

"@types/bluebird@npm:3.5.26":
  version: 3.5.26
  resolution: "@types/bluebird@npm:3.5.26"
  checksum: 10c0/c261af6e44fbb6e856d409a92993495a518b56211baf41d7aa7b57c24d47dbb62c210747b00be204784ba6877b17276d4304216f2b812b3626da067f791d29a1
  languageName: node
  linkType: hard

"@types/continuation-local-storage@npm:*":
  version: 3.2.7
  resolution: "@types/continuation-local-storage@npm:3.2.7"
  dependencies:
    "@types/node": "npm:*"
  checksum: 10c0/4225696c70141dcebda5d3a8c1eda0de4ffcd1006a835d7293e73a65fcc7c600eee0c61bd916e6661db162934a8ce51150addd42096eb1a29a7d8c1271f4424e
  languageName: node
  linkType: hard

"@types/geojson@npm:^1.0.0":
  version: 1.0.6
  resolution: "@types/geojson@npm:1.0.6"
  checksum: 10c0/a8da051dda87226eb4a239a3238956ddb22806bd1faaed7d3ba12cbac031eae622aaec07b65c700093881956d47db1fdc2dd59674db0479c630a3095b3f21720
  languageName: node
  linkType: hard

"@types/geojson@npm:^7946.0.0 || ^1.0.0":
  version: 7946.0.16
  resolution: "@types/geojson@npm:7946.0.16"
  checksum: 10c0/1ff24a288bd5860b766b073ead337d31d73bdc715e5b50a2cee5cb0af57a1ed02cc04ef295f5fa68dc40fe3e4f104dd31282b2b818a5ba3231bc1001ba084e3c
  languageName: node
  linkType: hard

"@types/jasmine@npm:^4.6.0":
  version: 4.6.6
  resolution: "@types/jasmine@npm:4.6.6"
  checksum: 10c0/aee469cc161b940cad92ed8bbee6ba6af02c675d9c8260a7e152d1b1f9a143875c1f4f1c6c23560af43c693cae815d0a0401610a9a67c16370da6a840fb24202
  languageName: node
  linkType: hard

"@types/lodash@npm:*":
  version: 4.17.24
  resolution: "@types/lodash@npm:4.17.24"
  checksum: 10c0/b72f60d4daacdad1fa643edb3faba204c02a01eb1ac00a83ff73496a6d236fc55e459c06106e8ced42277dba932d087d8fc090f8de4ef590d3f91e6d6f7ce85a
  languageName: node
  linkType: hard

"@types/node@npm:*":
  version: 25.9.3
  resolution: "@types/node@npm:25.9.3"
  dependencies:
    undici-types: "npm:>=7.24.0 <7.24.7"
  checksum: 10c0/72d3aece9d42c2c641bcd3f3cb2dc2828b4bd384dfcbd910c404b8859a68bd69d50c4769ce7defd4ff5e049768e23e615f09407ea2cbbb5f44b90d75a7c6b8ca
  languageName: node
  linkType: hard

"@types/node@npm:11.12.2":
  version: 11.12.2
  resolution: "@types/node@npm:11.12.2"
  checksum: 10c0/ff1b9304dd4dd3bffeb4f7d69fd05696db0bbf75bf19ea883968da297f1b4e921189cc64e7d7ac2e40b59e22abb0aa17e452df319707ab144c12bda31d11cf77
  languageName: node
  linkType: hard

"@types/node@npm:^20.0.0":
  version: 20.19.43
  resolution: "@types/node@npm:20.19.43"
  dependencies:
    undici-types: "npm:~6.21.0"
  checksum: 10c0/9bcec3b5295bdd77ff0b44a528a69f7e22028c347507ba2c69be47ec84e30299f45043b222e9c86c510e138c9c53b2419dd5cd34920602a4a5a381c288075318
  languageName: node
  linkType: hard

"@types/sequelize@npm:4.28.1":
  version: 4.28.1
  resolution: "@types/sequelize@npm:4.28.1"
  dependencies:
    "@types/bluebird": "npm:*"
    "@types/continuation-local-storage": "npm:*"
    "@types/lodash": "npm:*"
    "@types/validator": "npm:*"
  checksum: 10c0/491c5b1142d4ba2acdb4b063f5a8c6766435ae6cf0fe5c45fd66d1c3593100f81384f94e6863c25d173e25d67a9244c404a418ac6f64c1fc621679fc80b4ead0
  languageName: node
  linkType: hard

"@types/validator@npm:*":
  version: 13.15.10
  resolution: "@types/validator@npm:13.15.10"
  checksum: 10c0/3e2e65fcd37dd6961ca3fd0535293d0c42f5911dc3ca44b96f458835e6db2392b678ccbb0c9815d8c0a14e653439e6c62c7b8758a6cd1d6e390551c9e56618ac
  languageName: node
  linkType: hard

"ansi-regex@npm:^5.0.1":
  version: 5.0.1
  resolution: "ansi-regex@npm:5.0.1"
  checksum: 10c0/9a64bb8627b434ba9327b60c027742e5d17ac69277960d041898596271d992d4d52ba7267a63ca10232e29f6107fc8a835f6ce8d719b88c5f8493f8254813737
  languageName: node
  linkType: hard

"ansi-regex@npm:^6.2.2":
  version: 6.2.2
  resolution: "ansi-regex@npm:6.2.2"
  checksum: 10c0/05d4acb1d2f59ab2cf4b794339c7b168890d44dda4bf0ce01152a8da0213aca207802f930442ce8cd22d7a92f44907664aac6508904e75e038fa944d2601b30f
  languageName: node
  linkType: hard

"ansi-styles@npm:^4.0.0":
  version: 4.3.0
  resolution: "ansi-styles@npm:4.3.0"
  dependencies:
    color-convert: "npm:^2.0.1"
  checksum: 10c0/895a23929da416f2bd3de7e9cb4eabd340949328ab85ddd6e484a637d8f6820d485f53933446f5291c3b760cbc488beb8e88573dd0f9c7daf83dccc8fe81b041
  languageName: node
  linkType: hard

"ansi-styles@npm:^6.1.0":
  version: 6.2.3
  resolution: "ansi-styles@npm:6.2.3"
  checksum: 10c0/23b8a4ce14e18fb854693b95351e286b771d23d8844057ed2e7d083cd3e708376c3323707ec6a24365f7d7eda3ca00327fe04092e29e551499ec4c8b7bfac868
  languageName: node
  linkType: hard

"balanced-match@npm:^1.0.0":
  version: 1.0.2
  resolution: "balanced-match@npm:1.0.2"
  checksum: 10c0/9308baf0a7e4838a82bbfd11e01b1cb0f0cf2893bc1676c27c2a8c0e70cbae1c59120c3268517a8ae7fb6376b4639ef81ca22582611dbee4ed28df945134aaee
  languageName: node
  linkType: hard

"bluebird@npm:^3.4.6, bluebird@npm:^3.5.0":
  version: 3.7.2
  resolution: "bluebird@npm:3.7.2"
  checksum: 10c0/680de03adc54ff925eaa6c7bb9a47a0690e8b5de60f4792604aae8ed618c65e6b63a7893b57ca924beaf53eee69c5af4f8314148c08124c550fe1df1add897d2
  languageName: node
  linkType: hard

"brace-expansion@npm:^1.1.7":
  version: 1.1.15
  resolution: "brace-expansion@npm:1.1.15"
  dependencies:
    balanced-match: "npm:^1.0.0"
    concat-map: "npm:0.0.1"
  checksum: 10c0/648e273f57cfa9ed67d8a77bdb15b408205465d33da9331808ee3c188d8b55674c9cdbf1f320b65bc562e485e1263360ae62ad355e128e0435891f6430e795d7
  languageName: node
  linkType: hard

"brace-expansion@npm:^2.0.2":
  version: 2.1.1
  resolution: "brace-expansion@npm:2.1.1"
  dependencies:
    balanced-match: "npm:^1.0.0"
  checksum: 10c0/63b5ddce608b70b50a76817c0526faf8ea67a9180073d88bb402f6bbc22a22da6b1dfac4f65efc53e5faa80222fb7d44bbf2fc638c3f55365975573f671d0ccb
  languageName: node
  linkType: hard

"cls-bluebird@npm:^2.1.0":
  version: 2.1.0
  resolution: "cls-bluebird@npm:2.1.0"
  dependencies:
    is-bluebird: "npm:^1.0.2"
    shimmer: "npm:^1.1.0"
  checksum: 10c0/7c882d1d1668600bf459b3821a9f9c1919cd7bade4d6b96108a96b2eac27c96da356563d6db708da76a70cf01bceb28b423f42dbf0f87ddcca2cb7b2dedeaf53
  languageName: node
  linkType: hard

"color-convert@npm:^2.0.1":
  version: 2.0.1
  resolution: "color-convert@npm:2.0.1"
  dependencies:
    color-name: "npm:~1.1.4"
  checksum: 10c0/37e1150172f2e311fe1b2df62c6293a342ee7380da7b9cfdba67ea539909afbd74da27033208d01d6d5cfc65ee7868a22e18d7e7648e004425441c0f8a15a7d7
  languageName: node
  linkType: hard

"color-name@npm:~1.1.4":
  version: 1.1.4
  resolution: "color-name@npm:1.1.4"
  checksum: 10c0/a1a3f914156960902f46f7f56bc62effc6c94e84b2cae157a526b1c1f74b677a47ec602bf68a61abfa2b42d15b7c5651c6dbe72a43af720bc588dff885b10f95
  languageName: node
  linkType: hard

"concat-map@npm:0.0.1":
  version: 0.0.1
  resolution: "concat-map@npm:0.0.1"
  checksum: 10c0/c996b1cfdf95b6c90fee4dae37e332c8b6eb7d106430c17d538034c0ad9a1630cb194d2ab37293b1bdd4d779494beee7786d586a50bd9376fd6f7bcc2bd4c98f
  languageName: node
  linkType: hard

"cross-spawn@npm:^7.0.6":
  version: 7.0.6
  resolution: "cross-spawn@npm:7.0.6"
  dependencies:
    path-key: "npm:^3.1.0"
    shebang-command: "npm:^2.0.0"
    which: "npm:^2.0.1"
  checksum: 10c0/053ea8b2135caff68a9e81470e845613e374e7309a47731e81639de3eaeb90c3d01af0e0b44d2ab9d50b43467223b88567dfeb3262db942dc063b9976718ffc1
  languageName: node
  linkType: hard

"debug@npm:^2.6.9":
  version: 2.6.9
  resolution: "debug@npm:2.6.9"
  dependencies:
    ms: "npm:2.0.0"
  checksum: 10c0/121908fb839f7801180b69a7e218a40b5a0b718813b886b7d6bdb82001b931c938e2941d1e4450f33a1b1df1da653f5f7a0440c197f29fbf8a6e9d45ff6ef589
  languageName: node
  linkType: hard

"debug@npm:^3.1.0":
  version: 3.2.7
  resolution: "debug@npm:3.2.7"
  dependencies:
    ms: "npm:^2.1.1"
  checksum: 10c0/37d96ae42cbc71c14844d2ae3ba55adf462ec89fd3a999459dec3833944cd999af6007ff29c780f1c61153bcaaf2c842d1e4ce1ec621e4fc4923244942e4a02a
  languageName: node
  linkType: hard

"denque@npm:^1.4.1":
  version: 1.5.1
  resolution: "denque@npm:1.5.1"
  checksum: 10c0/9e6fc1a63e1c9ded38325290302fef40e5ad28471ad8c66d68eaea623ef847bd25fc75a7c3f47396206dc967922615999066470a364e1786f2758d61337872b7
  languageName: node
  linkType: hard

"depd@npm:^1.1.0":
  version: 1.1.2
  resolution: "depd@npm:1.1.2"
  checksum: 10c0/acb24aaf936ef9a227b6be6d495f0d2eb20108a9a6ad40585c5bda1a897031512fef6484e4fdbb80bd249fdaa82841fa1039f416ece03188e677ba11bcfda249
  languageName: node
  linkType: hard

"dottie@npm:^2.0.0":
  version: 2.0.7
  resolution: "dottie@npm:2.0.7"
  checksum: 10c0/ba21bbc9b632aa33efa969bde514446a9ec0db4d43d79cac449c1ed17da10f0cb63da7e3d9fcd11935bf95882387ea9b3bf80c58479f2f8c97b318c2a8bcf54d
  languageName: node
  linkType: hard

"eastasianwidth@npm:^0.2.0":
  version: 0.2.0
  resolution: "eastasianwidth@npm:0.2.0"
  checksum: 10c0/26f364ebcdb6395f95124fda411f63137a4bfb5d3a06453f7f23dfe52502905bd84e0488172e0f9ec295fdc45f05c23d5d91baf16bd26f0fe9acd777a188dc39
  languageName: node
  linkType: hard

"emoji-regex@npm:^8.0.0":
  version: 8.0.0
  resolution: "emoji-regex@npm:8.0.0"
  checksum: 10c0/b6053ad39951c4cf338f9092d7bfba448cdfd46fe6a2a034700b149ac9ffbc137e361cbd3c442297f86bed2e5f7576c1b54cc0a6bf8ef5106cc62f496af35010
  languageName: node
  linkType: hard

"emoji-regex@npm:^9.2.2":
  version: 9.2.2
  resolution: "emoji-regex@npm:9.2.2"
  checksum: 10c0/af014e759a72064cf66e6e694a7fc6b0ed3d8db680427b021a89727689671cefe9d04151b2cad51dbaf85d5ba790d061cd167f1cf32eb7b281f6368b3c181639
  languageName: node
  linkType: hard

"es6-shim@npm:0.35.3":
  version: 0.35.3
  resolution: "es6-shim@npm:0.35.3"
  checksum: 10c0/9d11fbc5616b694f51e7c412a707328626e9622b84d2c8067cd10dea224a5ff6e7207b362957a91a779e04a07078d4df5868e9c04cb19101345a2b47ce63cb50
  languageName: node
  linkType: hard

"foreground-child@npm:^3.1.0":
  version: 3.3.1
  resolution: "foreground-child@npm:3.3.1"
  dependencies:
    cross-spawn: "npm:^7.0.6"
    signal-exit: "npm:^4.0.1"
  checksum: 10c0/8986e4af2430896e65bc2788d6679067294d6aee9545daefc84923a0a4b399ad9c7a3ea7bd8c0b2b80fdf4a92de4c69df3f628233ff3224260e9c1541a9e9ed3
  languageName: node
  linkType: hard

"fs.realpath@npm:^1.0.0":
  version: 1.0.0
  resolution: "fs.realpath@npm:1.0.0"
  checksum: 10c0/444cf1291d997165dfd4c0d58b69f0e4782bfd9149fd72faa4fe299e68e0e93d6db941660b37dd29153bf7186672ececa3b50b7e7249477b03fdf850f287c948
  languageName: node
  linkType: hard

"generate-function@npm:^2.3.1":
  version: 2.3.1
  resolution: "generate-function@npm:2.3.1"
  dependencies:
    is-property: "npm:^1.0.2"
  checksum: 10c0/4645cf1da90375e46a6f1dc51abc9933e5eafa4cd1a44c2f7e3909a30a4e9a1a08c14cd7d5b32da039da2dba2a085e1ed4597b580c196c3245b2d35d8bc0de5d
  languageName: node
  linkType: hard

"generic-pool@npm:3.5.0":
  version: 3.5.0
  resolution: "generic-pool@npm:3.5.0"
  checksum: 10c0/c9f79738b0884ba03db3c15baf197b23ee1bf06210dd6a9c6d762760f7a661e7341ceda617ce7af43115a61f2d4479aa79882a533d5b5dc770113ad018af9ed5
  languageName: node
  linkType: hard

"glob@npm:7.1.2":
  version: 7.1.2
  resolution: "glob@npm:7.1.2"
  dependencies:
    fs.realpath: "npm:^1.0.0"
    inflight: "npm:^1.0.4"
    inherits: "npm:2"
    minimatch: "npm:^3.0.4"
    once: "npm:^1.3.0"
    path-is-absolute: "npm:^1.0.0"
  checksum: 10c0/2fc8e29c6a6c5cb99854177e9c47a6e17130dd4ee06c5576d53b171e07b1fbc40fa613295dbd35a6f1a8d02a6214b39a0f848ed7cb74bfc2325cc32485d17cbe
  languageName: node
  linkType: hard

"glob@npm:^10.2.2":
  version: 10.5.0
  resolution: "glob@npm:10.5.0"
  dependencies:
    foreground-child: "npm:^3.1.0"
    jackspeak: "npm:^3.1.2"
    minimatch: "npm:^9.0.4"
    minipass: "npm:^7.1.2"
    package-json-from-dist: "npm:^1.0.0"
    path-scurry: "npm:^1.11.1"
  bin:
    glob: dist/esm/bin.mjs
  checksum: 10c0/100705eddbde6323e7b35e1d1ac28bcb58322095bd8e63a7d0bef1a2cdafe0d0f7922a981b2b48369a4f8c1b077be5c171804534c3509dfe950dde15fbe6d828
  languageName: node
  linkType: hard

"iconv-lite@npm:^0.5.0":
  version: 0.5.2
  resolution: "iconv-lite@npm:0.5.2"
  dependencies:
    safer-buffer: "npm:>= 2.1.2 < 3"
  checksum: 10c0/6c51c9996fe360b03f501c0f76f122f007c6a9be924cfdf0b007044cfbcdeeb9c9decb5435465934dbd3804f37e67fdc2fb3ed8c9948464299165776541dff25
  languageName: node
  linkType: hard

"inflection@npm:1.12.0":
  version: 1.12.0
  resolution: "inflection@npm:1.12.0"
  checksum: 10c0/a5e92f4399f879a4cd92f30c13af6a8a0f4e793073f0e82599d12d9e4200c011348c3cd4e8b1894c774f896e697db78fa04babe754492d2cb00c2d27b3edaa2b
  languageName: node
  linkType: hard

"inflight@npm:^1.0.4":
  version: 1.0.6
  resolution: "inflight@npm:1.0.6"
  dependencies:
    once: "npm:^1.3.0"
    wrappy: "npm:1"
  checksum: 10c0/7faca22584600a9dc5b9fca2cd5feb7135ac8c935449837b315676b4c90aa4f391ec4f42240178244b5a34e8bede1948627fda392ca3191522fc46b34e985ab2
  languageName: node
  linkType: hard

"inherits@npm:2":
  version: 2.0.4
  resolution: "inherits@npm:2.0.4"
  checksum: 10c0/4e531f648b29039fb7426fb94075e6545faa1eb9fe83c29f0b6d9e7263aceb4289d2d4557db0d428188eeb449cc7c5e77b0a0b2c4e248ff2a65933a0dee49ef2
  languageName: node
  linkType: hard

"inversify@npm:^6.0.0":
  version: 6.2.2
  resolution: "inversify@npm:6.2.2"
  dependencies:
    "@inversifyjs/common": "npm:1.4.0"
    "@inversifyjs/core": "npm:1.3.5"
  peerDependencies:
    reflect-metadata: ~0.2.2
  checksum: 10c0/f4acff320cebec022b408c7f081192e7e96296d40ee9cbc3915c6fe331333af53f4a418058e31c9d760bb00e36e97d4ae3ef5e4e18096f60f46f45b9a6540aeb
  languageName: node
  linkType: hard

"is-bluebird@npm:^1.0.2":
  version: 1.0.2
  resolution: "is-bluebird@npm:1.0.2"
  checksum: 10c0/fa095ffe3d6794f465bca1b80a03b225001be227c85687b050f9fa396026260e01d86b2c54873603dad11a0a05e59a45fd0a08dabf05e1b690ee4239e2175d90
  languageName: node
  linkType: hard

"is-fullwidth-code-point@npm:^3.0.0":
  version: 3.0.0
  resolution: "is-fullwidth-code-point@npm:3.0.0"
  checksum: 10c0/bb11d825e049f38e04c06373a8d72782eee0205bda9d908cc550ccb3c59b99d750ff9537982e01733c1c94a58e35400661f57042158ff5e8f3e90cf936daf0fc
  languageName: node
  linkType: hard

"is-property@npm:^1.0.2":
  version: 1.0.2
  resolution: "is-property@npm:1.0.2"
  checksum: 10c0/33ab65a136e4ba3f74d4f7d9d2a013f1bd207082e11cedb160698e8d5394644e873c39668d112a402175ccbc58a087cef87198ed46829dbddb479115a0257283
  languageName: node
  linkType: hard

"isexe@npm:^2.0.0":
  version: 2.0.0
  resolution: "isexe@npm:2.0.0"
  checksum: 10c0/228cfa503fadc2c31596ab06ed6aa82c9976eec2bfd83397e7eaf06d0ccf42cd1dfd6743bf9aeb01aebd4156d009994c5f76ea898d2832c1fe342da923ca457d
  languageName: node
  linkType: hard

"jackspeak@npm:^3.1.2":
  version: 3.4.3
  resolution: "jackspeak@npm:3.4.3"
  dependencies:
    "@isaacs/cliui": "npm:^8.0.2"
    "@pkgjs/parseargs": "npm:^0.11.0"
  dependenciesMeta:
    "@pkgjs/parseargs":
      optional: true
  checksum: 10c0/6acc10d139eaefdbe04d2f679e6191b3abf073f111edf10b1de5302c97ec93fffeb2fdd8681ed17f16268aa9dd4f8c588ed9d1d3bffbbfa6e8bf897cbb3149b9
  languageName: node
  linkType: hard

"jasmine-core@npm:^5.0.0, jasmine-core@npm:~5.13.0":
  version: 5.13.0
  resolution: "jasmine-core@npm:5.13.0"
  checksum: 10c0/3bbf1dbbde8017f41872a27f22bafd164fe4fcf834347af23d7d5a63e7e35c72c79e1596e6b384dd2906e885518419e13a6c7535ffabf8256b624110d664599d
  languageName: node
  linkType: hard

"jasmine@npm:^5.0.0":
  version: 5.13.0
  resolution: "jasmine@npm:5.13.0"
  dependencies:
    glob: "npm:^10.2.2"
    jasmine-core: "npm:~5.13.0"
  bin:
    jasmine: bin/jasmine.js
  checksum: 10c0/f71426ccaf08fe23fc542d41a3621e9dc7a0fd58790434896d8230c501d3950d7c907e6003771014de813cdd725b0415659303c44b33a84aea0e05b3751efc64
  languageName: node
  linkType: hard

"lodash@npm:^4.17.1":
  version: 4.18.1
  resolution: "lodash@npm:4.18.1"
  checksum: 10c0/757228fc68805c59789e82185135cf85f05d0b2d3d54631d680ca79ec21944ec8314d4533639a14b8bcfbd97a517e78960933041a5af17ecb693ec6eecb99a27
  languageName: node
  linkType: hard

"long@npm:^4.0.0":
  version: 4.0.0
  resolution: "long@npm:4.0.0"
  checksum: 10c0/50a6417d15b06104dbe4e3d4a667c39b137f130a9108ea8752b352a4cfae047531a3ac351c181792f3f8768fe17cca6b0f406674a541a86fb638aaac560d83ed
  languageName: node
  linkType: hard

"lru-cache@npm:^10.2.0":
  version: 10.4.3
  resolution: "lru-cache@npm:10.4.3"
  checksum: 10c0/ebd04fbca961e6c1d6c0af3799adcc966a1babe798f685bb84e6599266599cd95d94630b10262f5424539bc4640107e8a33aa28585374abf561d30d16f4b39fb
  languageName: node
  linkType: hard

"lru-cache@npm:^5.1.1":
  version: 5.1.1
  resolution: "lru-cache@npm:5.1.1"
  dependencies:
    yallist: "npm:^3.0.2"
  checksum: 10c0/89b2ef2ef45f543011e38737b8a8622a2f8998cddf0e5437174ef8f1f70a8b9d14a918ab3e232cb3ba343b7abddffa667f0b59075b2b80e6b4d63c3de6127482
  languageName: node
  linkType: hard

"lru.min@npm:^1.1.0":
  version: 1.1.4
  resolution: "lru.min@npm:1.1.4"
  checksum: 10c0/d9cce4d9988ced2b2dd199f47016adefda27e8405a7f63b86a54e574d254bb0099ff9e91846b0c20379348e7a03d6f4de8b8f8cdfd5265b36eb3ec07bcf72f96
  languageName: node
  linkType: hard

"minimatch@npm:^3.0.4":
  version: 3.1.5
  resolution: "minimatch@npm:3.1.5"
  dependencies:
    brace-expansion: "npm:^1.1.7"
  checksum: 10c0/2ecbdc0d33f07bddb0315a8b5afbcb761307a8778b48f0b312418ccbced99f104a2d17d8aca7573433c70e8ccd1c56823a441897a45e384ea76ef401a26ace70
  languageName: node
  linkType: hard

"minimatch@npm:^9.0.4":
  version: 9.0.9
  resolution: "minimatch@npm:9.0.9"
  dependencies:
    brace-expansion: "npm:^2.0.2"
  checksum: 10c0/0b6a58530dbb00361745aa6c8cffaba4c90f551afe7c734830bd95fd88ebf469dd7355a027824ea1d09e37181cfeb0a797fb17df60c15ac174303ac110eb7e86
  languageName: node
  linkType: hard

"minipass@npm:^5.0.0 || ^6.0.2 || ^7.0.0, minipass@npm:^7.1.2":
  version: 7.1.3
  resolution: "minipass@npm:7.1.3"
  checksum: 10c0/539da88daca16533211ea5a9ee98dc62ff5742f531f54640dd34429e621955e91cc280a91a776026264b7f9f6735947629f920944e9c1558369e8bf22eb33fbb
  languageName: node
  linkType: hard

"moment-timezone@npm:^0.5.14":
  version: 0.5.48
  resolution: "moment-timezone@npm:0.5.48"
  dependencies:
    moment: "npm:^2.29.4"
  checksum: 10c0/ab14ec9d94bc33f29ac18e5417b7f8aca0b17130b952c5cc9697b8fea839e5ece9313af5fd3c9703a05db472b1560ddbfc7ad2aa24aac9afd047d6da6c3c6033
  languageName: node
  linkType: hard

"moment@npm:^2.20.0, moment@npm:^2.29.4":
  version: 2.30.1
  resolution: "moment@npm:2.30.1"
  checksum: 10c0/865e4279418c6de666fca7786607705fd0189d8a7b7624e2e56be99290ac846f90878a6f602e34b4e0455c549b85385b1baf9966845962b313699e7cb847543a
  languageName: node
  linkType: hard

"ms@npm:2.0.0":
  version: 2.0.0
  resolution: "ms@npm:2.0.0"
  checksum: 10c0/f8fda810b39fd7255bbdc451c46286e549794fcc700dc9cd1d25658bbc4dc2563a5de6fe7c60f798a16a60c6ceb53f033cb353f493f0cf63e5199b702943159d
  languageName: node
  linkType: hard

"ms@npm:^2.1.1":
  version: 2.1.3
  resolution: "ms@npm:2.1.3"
  checksum: 10c0/d924b57e7312b3b63ad21fc5b3dc0af5e78d61a1fc7cfb5457edaf26326bf62be5307cc87ffb6862ef1c2b33b0233cdb5d4f01c4c958cc0d660948b65a287a48
  languageName: node
  linkType: hard

"mysql2@npm:^1.6.4":
  version: 1.7.0
  resolution: "mysql2@npm:1.7.0"
  dependencies:
    denque: "npm:^1.4.1"
    generate-function: "npm:^2.3.1"
    iconv-lite: "npm:^0.5.0"
    long: "npm:^4.0.0"
    lru-cache: "npm:^5.1.1"
    named-placeholders: "npm:^1.1.2"
    seq-queue: "npm:^0.0.5"
    sqlstring: "npm:^2.3.1"
  checksum: 10c0/387c84da40513b640670afe0c8fa7658a03db7c7c0aa3245bdb25cf76300364420691f49c85c2fe610e1e5b736821a46773bbd489b9206b410793e5cf8b79a68
  languageName: node
  linkType: hard

"named-placeholders@npm:^1.1.2":
  version: 1.1.6
  resolution: "named-placeholders@npm:1.1.6"
  dependencies:
    lru.min: "npm:^1.1.0"
  checksum: 10c0/65b7ffaf932a371602e4153808601e8f377d7fc85fa15b491ee821418e52ab4950155b840803a6eaf3d5b94d6e8aedc1bee723475541cb4713feb3544dca9336
  languageName: node
  linkType: hard

"once@npm:^1.3.0":
  version: 1.4.0
  resolution: "once@npm:1.4.0"
  dependencies:
    wrappy: "npm:1"
  checksum: 10c0/5d48aca287dfefabd756621c5dfce5c91a549a93e9fdb7b8246bc4c4790aa2ec17b34a260530474635147aeb631a2dcc8b32c613df0675f96041cbb8244517d0
  languageName: node
  linkType: hard

"package-json-from-dist@npm:^1.0.0":
  version: 1.0.1
  resolution: "package-json-from-dist@npm:1.0.1"
  checksum: 10c0/62ba2785eb655fec084a257af34dbe24292ab74516d6aecef97ef72d4897310bc6898f6c85b5cd22770eaa1ce60d55a0230e150fb6a966e3ecd6c511e23d164b
  languageName: node
  linkType: hard

"path-is-absolute@npm:^1.0.0":
  version: 1.0.1
  resolution: "path-is-absolute@npm:1.0.1"
  checksum: 10c0/127da03c82172a2a50099cddbf02510c1791fc2cc5f7713ddb613a56838db1e8168b121a920079d052e0936c23005562059756d653b7c544c53185efe53be078
  languageName: node
  linkType: hard

"path-key@npm:^3.1.0":
  version: 3.1.1
  resolution: "path-key@npm:3.1.1"
  checksum: 10c0/748c43efd5a569c039d7a00a03b58eecd1d75f3999f5a28303d75f521288df4823bc057d8784eb72358b2895a05f29a070bc9f1f17d28226cc4e62494cc58c4c
  languageName: node
  linkType: hard

"path-scurry@npm:^1.11.1":
  version: 1.11.1
  resolution: "path-scurry@npm:1.11.1"
  dependencies:
    lru-cache: "npm:^10.2.0"
    minipass: "npm:^5.0.0 || ^6.0.2 || ^7.0.0"
  checksum: 10c0/32a13711a2a505616ae1cc1b5076801e453e7aae6ac40ab55b388bb91b9d0547a52f5aaceff710ea400205f18691120d4431e520afbe4266b836fadede15872d
  languageName: node
  linkType: hard

"reflect-metadata@npm:^0.2.0":
  version: 0.2.2
  resolution: "reflect-metadata@npm:0.2.2"
  checksum: 10c0/1cd93a15ea291e420204955544637c264c216e7aac527470e393d54b4bb075f10a17e60d8168ec96600c7e0b9fcc0cb0bb6e91c3fbf5b0d8c9056f04e6ac1ec2
  languageName: node
  linkType: hard

"retry-as-promised@npm:^2.3.2":
  version: 2.3.2
  resolution: "retry-as-promised@npm:2.3.2"
  dependencies:
    bluebird: "npm:^3.4.6"
    debug: "npm:^2.6.9"
  checksum: 10c0/872a7f50c05d1074691da4a17032b4ff7f96ab89503d38acc7c3b76a2d57675031467df7ab29804238f61996c7a8902291d084fea8341f651d1364b0d1d08653
  languageName: node
  linkType: hard

"safer-buffer@npm:>= 2.1.2 < 3":
  version: 2.1.2
  resolution: "safer-buffer@npm:2.1.2"
  checksum: 10c0/7e3c8b2e88a1841c9671094bbaeebd94448111dd90a81a1f606f3f67708a6ec57763b3b47f06da09fc6054193e0e6709e77325415dc8422b04497a8070fa02d4
  languageName: node
  linkType: hard

"semver@npm:^5.5.0":
  version: 5.7.2
  resolution: "semver@npm:5.7.2"
  bin:
    semver: bin/semver
  checksum: 10c0/e4cf10f86f168db772ae95d86ba65b3fd6c5967c94d97c708ccb463b778c2ee53b914cd7167620950fc07faf5a564e6efe903836639e512a1aa15fbc9667fa25
  languageName: node
  linkType: hard

"seq-queue@npm:^0.0.5":
  version: 0.0.5
  resolution: "seq-queue@npm:0.0.5"
  checksum: 10c0/ec870fc392f0e6e99ec0e551c3041c1a66144d1580efabae7358e572de127b0ad2f844c95a4861d2e6203f836adea4c8196345b37bed55331ead8f22d99ac84c
  languageName: node
  linkType: hard

"sequelize-typescript@npm:^0.6.6":
  version: 0.6.11
  resolution: "sequelize-typescript@npm:0.6.11"
  dependencies:
    "@types/bluebird": "npm:3.5.26"
    "@types/node": "npm:11.12.2"
    "@types/sequelize": "npm:4.28.1"
    es6-shim: "npm:0.35.3"
    glob: "npm:7.1.2"
  peerDependencies:
    reflect-metadata: ">=0.1.9"
  checksum: 10c0/f198f75cf0a982ecbcd5a0a7834a912ea734991363c63ed72324df153750b72a39091d677e3942de0d3514d1c0de7ee734a64b7a8e289fdacac7c37ec70dc255
  languageName: node
  linkType: hard

"sequelize@npm:^4.41.2":
  version: 4.44.4
  resolution: "sequelize@npm:4.44.4"
  dependencies:
    bluebird: "npm:^3.5.0"
    cls-bluebird: "npm:^2.1.0"
    debug: "npm:^3.1.0"
    depd: "npm:^1.1.0"
    dottie: "npm:^2.0.0"
    generic-pool: "npm:3.5.0"
    inflection: "npm:1.12.0"
    lodash: "npm:^4.17.1"
    moment: "npm:^2.20.0"
    moment-timezone: "npm:^0.5.14"
    retry-as-promised: "npm:^2.3.2"
    semver: "npm:^5.5.0"
    terraformer-wkt-parser: "npm:^1.1.2"
    toposort-class: "npm:^1.0.1"
    uuid: "npm:^3.2.1"
    validator: "npm:^10.4.0"
    wkx: "npm:^0.4.1"
  checksum: 10c0/53ce6af34c6b0c3c7ed598dfbaaafaca4a8e86eea407a5eee5c9c47c63ec9ac57a07e83f894862cebf3fe47112b07b85af26e5f4700ae5778a3dbe4e956d2d7b
  languageName: node
  linkType: hard

"shebang-command@npm:^2.0.0":
  version: 2.0.0
  resolution: "shebang-command@npm:2.0.0"
  dependencies:
    shebang-regex: "npm:^3.0.0"
  checksum: 10c0/a41692e7d89a553ef21d324a5cceb5f686d1f3c040759c50aab69688634688c5c327f26f3ecf7001ebfd78c01f3c7c0a11a7c8bfd0a8bc9f6240d4f40b224e4e
  languageName: node
  linkType: hard

"shebang-regex@npm:^3.0.0":
  version: 3.0.0
  resolution: "shebang-regex@npm:3.0.0"
  checksum: 10c0/1dbed0726dd0e1152a92696c76c7f06084eb32a90f0528d11acd764043aacf76994b2fb30aa1291a21bd019d6699164d048286309a278855ee7bec06cf6fb690
  languageName: node
  linkType: hard

"shimmer@npm:^1.1.0":
  version: 1.2.1
  resolution: "shimmer@npm:1.2.1"
  checksum: 10c0/ae8b27c389db2a00acfc8da90240f11577685a8f3e40008f826a3bea8b4f3b3ecd305c26be024b4a0fd3b123d132c1569d6e238097960a9a543b6c60760fb46a
  languageName: node
  linkType: hard

"signal-exit@npm:^4.0.1":
  version: 4.1.0
  resolution: "signal-exit@npm:4.1.0"
  checksum: 10c0/41602dce540e46d599edba9d9860193398d135f7ff72cab629db5171516cfae628d21e7bfccde1bbfdf11c48726bc2a6d1a8fb8701125852fbfda7cf19c6aa83
  languageName: node
  linkType: hard

"sqlstring@npm:^2.3.1":
  version: 2.3.3
  resolution: "sqlstring@npm:2.3.3"
  checksum: 10c0/3b5dd7badb3d6312f494cfa6c9a381ee630fbe3dbd571c4c9eb8ecdb99a7bf5a1f7a5043191d768797f6b3c04eed5958ac6a5f948b998f0a138294c6d3125fbd
  languageName: node
  linkType: hard

"string-width-cjs@npm:string-width@^4.2.0, string-width@npm:^4.1.0":
  version: 4.2.3
  resolution: "string-width@npm:4.2.3"
  dependencies:
    emoji-regex: "npm:^8.0.0"
    is-fullwidth-code-point: "npm:^3.0.0"
    strip-ansi: "npm:^6.0.1"
  checksum: 10c0/1e525e92e5eae0afd7454086eed9c818ee84374bb80328fc41217ae72ff5f065ef1c9d7f72da41de40c75fa8bb3dee63d92373fd492c84260a552c636392a47b
  languageName: node
  linkType: hard

"string-width@npm:^5.0.1, string-width@npm:^5.1.2":
  version: 5.1.2
  resolution: "string-width@npm:5.1.2"
  dependencies:
    eastasianwidth: "npm:^0.2.0"
    emoji-regex: "npm:^9.2.2"
    strip-ansi: "npm:^7.0.1"
  checksum: 10c0/ab9c4264443d35b8b923cbdd513a089a60de339216d3b0ed3be3ba57d6880e1a192b70ae17225f764d7adbf5994e9bb8df253a944736c15a0240eff553c678ca
  languageName: node
  linkType: hard

"strip-ansi-cjs@npm:strip-ansi@^6.0.1, strip-ansi@npm:^6.0.0, strip-ansi@npm:^6.0.1":
  version: 6.0.1
  resolution: "strip-ansi@npm:6.0.1"
  dependencies:
    ansi-regex: "npm:^5.0.1"
  checksum: 10c0/1ae5f212a126fe5b167707f716942490e3933085a5ff6c008ab97ab2f272c8025d3aa218b7bd6ab25729ca20cc81cddb252102f8751e13482a5199e873680952
  languageName: node
  linkType: hard

"strip-ansi@npm:^7.0.1":
  version: 7.2.0
  resolution: "strip-ansi@npm:7.2.0"
  dependencies:
    ansi-regex: "npm:^6.2.2"
  checksum: 10c0/544d13b7582f8254811ea97db202f519e189e59d35740c46095897e254e4f1aa9fe1524a83ad6bc5ad67d4dd6c0281d2e0219ed62b880a6238a16a17d375f221
  languageName: node
  linkType: hard

"terraformer-wkt-parser@npm:^1.1.2":
  version: 1.2.1
  resolution: "terraformer-wkt-parser@npm:1.2.1"
  dependencies:
    "@types/geojson": "npm:^1.0.0"
    terraformer: "npm:~1.0.5"
  checksum: 10c0/dd7c42fc04e1e3a3c288f19a93c54e8926ba42d62b0a168c6ebae814497a90d3d6d81e1b37bba09b226838152d67ee808f3105008c6076e0654c6d53b5ed9661
  languageName: node
  linkType: hard

"terraformer@npm:~1.0.5":
  version: 1.0.12
  resolution: "terraformer@npm:1.0.12"
  dependencies:
    "@types/geojson": "npm:^7946.0.0 || ^1.0.0"
  dependenciesMeta:
    "@types/geojson":
      optional: true
  checksum: 10c0/bb6cb5aa853f5f8edf0a4805a03b7698fcf04f50c99c36f1ff3436a80b7e9225aaabe0c7f27dcdd255826fc03ad3da09cad30ebd80e13b7915a9642317c17234
  languageName: node
  linkType: hard

"toposort-class@npm:^1.0.1":
  version: 1.0.1
  resolution: "toposort-class@npm:1.0.1"
  checksum: 10c0/75eacd421eca239aa480ead62dfd8966cbfc2483fd39e18893a59fe982cd904aa82ecbd46a0cdcea542f4f0a68799e5fc24bcb987029075f02a75679559fa4d7
  languageName: node
  linkType: hard

"typescript@npm:^5.0.0":
  version: 5.9.3
  resolution: "typescript@npm:5.9.3"
  bin:
    tsc: bin/tsc
    tsserver: bin/tsserver
  checksum: 10c0/6bd7552ce39f97e711db5aa048f6f9995b53f1c52f7d8667c1abdc1700c68a76a308f579cd309ce6b53646deb4e9a1be7c813a93baaf0a28ccd536a30270e1c5
  languageName: node
  linkType: hard

"typescript@patch:typescript@npm%3A^5.0.0#optional!builtin<compat/typescript>":
  version: 5.9.3
  resolution: "typescript@patch:typescript@npm%3A5.9.3#optional!builtin<compat/typescript>::version=5.9.3&hash=5786d5"
  bin:
    tsc: bin/tsc
    tsserver: bin/tsserver
  checksum: 10c0/ad09fdf7a756814dce65bc60c1657b40d44451346858eea230e10f2e95a289d9183b6e32e5c11e95acc0ccc214b4f36289dcad4bf1886b0adb84d711d336a430
  languageName: node
  linkType: hard

"undici-types@npm:>=7.24.0 <7.24.7":
  version: 7.24.6
  resolution: "undici-types@npm:7.24.6"
  checksum: 10c0/d9cd8befb643ac904615c280a095ba4240531f6bb4a5e75a22a7483630ca8d3f1016d2ab6ace6ceda1f63b3a2db2fe037fafe121d6917a0187573aa548ff78ca
  languageName: node
  linkType: hard

"undici-types@npm:~6.21.0":
  version: 6.21.0
  resolution: "undici-types@npm:6.21.0"
  checksum: 10c0/c01ed51829b10aa72fc3ce64b747f8e74ae9b60eafa19a7b46ef624403508a54c526ffab06a14a26b3120d055e1104d7abe7c9017e83ced038ea5cf52f8d5e04
  languageName: node
  linkType: hard

"uuid@npm:^3.2.1":
  version: 3.4.0
  resolution: "uuid@npm:3.4.0"
  bin:
    uuid: ./bin/uuid
  checksum: 10c0/1c13950df865c4f506ebfe0a24023571fa80edf2e62364297a537c80af09c618299797bbf2dbac6b1f8ae5ad182ba474b89db61e0e85839683991f7e08795347
  languageName: node
  linkType: hard

"validator@npm:^10.4.0":
  version: 10.11.0
  resolution: "validator@npm:10.11.0"
  checksum: 10c0/3e32a0a00b28012369c44aef1437b21a095640e0576580f97310d214f7eb0fb8c465099a1d8493d2d4117d9d342a43ae176cf184917f83e95a8eb4449652b4e1
  languageName: node
  linkType: hard

"which@npm:^2.0.1":
  version: 2.0.2
  resolution: "which@npm:2.0.2"
  dependencies:
    isexe: "npm:^2.0.0"
  bin:
    node-which: ./bin/node-which
  checksum: 10c0/66522872a768b60c2a65a57e8ad184e5372f5b6a9ca6d5f033d4b0dc98aff63995655a7503b9c0a2598936f532120e81dd8cc155e2e92ed662a2b9377cc4374f
  languageName: node
  linkType: hard

"wkx@npm:^0.4.1":
  version: 0.4.8
  resolution: "wkx@npm:0.4.8"
  dependencies:
    "@types/node": "npm:*"
  checksum: 10c0/9cedf3e1f594ad006c15e42e3a90c1734f3845eb239eb4d268224c67b2fb7dbf28f731bd3ee835e1199d25fe7e4babd9e74c3a2986ba25f2f3f4d7a0ef9f528c
  languageName: node
  linkType: hard

"workflow-es-mysql@workspace:.":
  version: 0.0.0-use.local
  resolution: "workflow-es-mysql@workspace:."
  dependencies:
    "@reactorynet/workflow-es": "file:../../core"
    "@types/jasmine": "npm:^4.6.0"
    "@types/node": "npm:^20.0.0"
    jasmine: "npm:^5.0.0"
    jasmine-core: "npm:^5.0.0"
    mysql2: "npm:^1.6.4"
    reflect-metadata: "npm:^0.2.0"
    sequelize: "npm:^4.41.2"
    sequelize-typescript: "npm:^0.6.6"
    typescript: "npm:^5.0.0"
  peerDependencies:
    "@reactorynet/workflow-es": ">=2.4.0-reactory.0"
    inversify: ^6.0.0
    reflect-metadata: ^0.2.0
  languageName: unknown
  linkType: soft

"wrap-ansi-cjs@npm:wrap-ansi@^7.0.0":
  version: 7.0.0
  resolution: "wrap-ansi@npm:7.0.0"
  dependencies:
    ansi-styles: "npm:^4.0.0"
    string-width: "npm:^4.1.0"
    strip-ansi: "npm:^6.0.0"
  checksum: 10c0/d15fc12c11e4cbc4044a552129ebc75ee3f57aa9c1958373a4db0292d72282f54373b536103987a4a7594db1ef6a4f10acf92978f79b98c49306a4b58c77d4da
  languageName: node
  linkType: hard

"wrap-ansi@npm:^8.1.0":
  version: 8.1.0
  resolution: "wrap-ansi@npm:8.1.0"
  dependencies:
    ansi-styles: "npm:^6.1.0"
    string-width: "npm:^5.0.1"
    strip-ansi: "npm:^7.0.1"
  checksum: 10c0/138ff58a41d2f877eae87e3282c0630fc2789012fc1af4d6bd626eeb9a2f9a65ca92005e6e69a75c7b85a68479fe7443c7dbe1eb8fbaa681a4491364b7c55c60
  languageName: node
  linkType: hard

"wrappy@npm:1":
  version: 1.0.2
  resolution: "wrappy@npm:1.0.2"
  checksum: 10c0/56fece1a4018c6a6c8e28fbc88c87e0fbf4ea8fd64fc6c63b18f4acc4bd13e0ad2515189786dd2c30d3eec9663d70f4ecf699330002f8ccb547e4a18231fc9f0
  languageName: node
  linkType: hard

"yallist@npm:^3.0.2":
  version: 3.1.1
  resolution: "yallist@npm:3.1.1"
  checksum: 10c0/c66a5c46bc89af1625476f7f0f2ec3653c1a1791d2f9407cfb4c2ba812a1e1c9941416d71ba9719876530e3340a99925f697142989371b72d93b9ee628afd8c1
  languageName: node
  linkType: hard
