# This file is generated by running "yarn install" inside your project.
# Manual changes might be lost - proceed with caution!

__metadata:
  version: 10
  cacheKey: 10c0

"@inversifyjs/common@npm:1.4.0":
  version: 1.4.0
  resolution: "@inversifyjs/common@npm:1.4.0"
  checksum: 10c0/03f76538de4d678f09c1d8a84351bcbedd5add502c46af27b8ce439d07162c428fccf26d23f0452e2adf1aaa893e179372c04f2aa9bfc3554e3125e43a76dd2b
  languageName: node
  linkType: hard

"@inversifyjs/core@npm:1.3.5":
  version: 1.3.5
  resolution: "@inversifyjs/core@npm:1.3.5"
  dependencies:
    "@inversifyjs/common": "npm:1.4.0"
    "@inversifyjs/reflect-metadata-utils": "npm:0.2.4"
  checksum: 10c0/c0b08d574be8a5a6b4c69910b443491b9b48f37a122e606e5b1a23c5d988f89f87571ef06c01465d20284515941a86685fd0eb1967be3d2e4957f8ea1fb602e5
  languageName: node
  linkType: hard

"@inversifyjs/reflect-metadata-utils@npm:0.2.4":
  version: 0.2.4
  resolution: "@inversifyjs/reflect-metadata-utils@npm:0.2.4"
  peerDependencies:
    reflect-metadata: 0.2.2
  checksum: 10c0/cfe93bf2366ea8fbf8e968c06e422b93ad20e5a264706aa632bca481a35f2324c38f826d639b8039181760e6a2a8cf9ef89ca57b7cec9851638cf99a1377596a
  languageName: node
  linkType: hard

"@isaacs/cliui@npm:^8.0.2":
  version: 8.0.2
  resolution: "@isaacs/cliui@npm:8.0.2"
  dependencies:
    string-width: "npm:^5.1.2"
    string-width-cjs: "npm:string-width@^4.2.0"
    strip-ansi: "npm:^7.0.1"
    strip-ansi-cjs: "npm:strip-ansi@^6.0.1"
    wrap-ansi: "npm:^8.1.0"
    wrap-ansi-cjs: "npm:wrap-ansi@^7.0.0"
  checksum: 10c0/b1bf42535d49f11dc137f18d5e4e63a28c5569de438a221c369483731e9dac9fb797af554e8bf02b6192d1e5eba6e6402cf93900c3d0ac86391d00d04876789e
  languageName: node
  linkType: hard

"@mongodb-js/saslprep@npm:^1.3.0":
  version: 1.4.11
  resolution: "@mongodb-js/saslprep@npm:1.4.11"
  dependencies:
    sparse-bitfield: "npm:^3.0.3"
  checksum: 10c0/fd80e94bcb0ae6330c4ad9873f429be08baf5d840b757b4feb377bd0e127d8338f898e7f887aceb9a7712a39756d10ab0634ec1096a2d30b2c7cbd62e2499fee
  languageName: node
  linkType: hard

"@pkgjs/parseargs@npm:^0.11.0":
  version: 0.11.0
  resolution: "@pkgjs/parseargs@npm:0.11.0"
  checksum: 10c0/5bd7576bb1b38a47a7fc7b51ac9f38748e772beebc56200450c4a817d712232b8f1d3ef70532c80840243c657d491cf6a6be1e3a214cff907645819fdc34aadd
  languageName: node
  linkType: hard

"@reactorynet/workflow-es-mongodb@workspace:.":
  version: 0.0.0-use.local
  resolution: "@reactorynet/workflow-es-mongodb@workspace:."
  dependencies:
    "@reactorynet/workflow-es": "file:../../core"
    "@types/jasmine": "npm:^4.6.0"
    "@types/node": "npm:^20.0.0"
    jasmine: "npm:^5.0.0"
    jasmine-core: "npm:^5.0.0"
    mongodb: "npm:^6.0.0"
    reflect-metadata: "npm:^0.2.0"
    typescript: "npm:^5.0.0"
  peerDependencies:
    "@reactorynet/workflow-es": ">=2.4.0-reactory.0"
    reflect-metadata: ^0.2.0
  languageName: unknown
  linkType: soft

"@reactorynet/workflow-es@file:../../core::locator=%40reactorynet%2Fworkflow-es-mongodb%40workspace%3A.":
  version: 2.4.0-reactory.4
  resolution: "@reactorynet/workflow-es@file:../../core#../../core::hash=cdcf50&locator=%40reactorynet%2Fworkflow-es-mongodb%40workspace%3A."
  dependencies:
    inversify: "npm:^6.0.0"
    reflect-metadata: "npm:^0.2.0"
  checksum: 10c0/4b55622b508429bf47bed822fe6184845190a5374e7cef67677611759c5ee772190d6c9a25ada2326cc82f3382cb68af2f04023f8ad006e9fee6b40c04c02a35
  languageName: node
  linkType: hard

"@types/jasmine@npm:^4.6.0":
  version: 4.6.6
  resolution: "@types/jasmine@npm:4.6.6"
  checksum: 10c0/aee469cc161b940cad92ed8bbee6ba6af02c675d9c8260a7e152d1b1f9a143875c1f4f1c6c23560af43c693cae815d0a0401610a9a67c16370da6a840fb24202
  languageName: node
  linkType: hard

"@types/node@npm:^20.0.0":
  version: 20.19.43
  resolution: "@types/node@npm:20.19.43"
  dependencies:
    undici-types: "npm:~6.21.0"
  checksum: 10c0/9bcec3b5295bdd77ff0b44a528a69f7e22028c347507ba2c69be47ec84e30299f45043b222e9c86c510e138c9c53b2419dd5cd34920602a4a5a381c288075318
  languageName: node
  linkType: hard

"@types/webidl-conversions@npm:*":
  version: 7.0.3
  resolution: "@types/webidl-conversions@npm:7.0.3"
  checksum: 10c0/ac2ccff93b95ac7c8ca73dc6064403181691bba7ea144296f462dc9108a07be16cbad7b9c704b3df706dcc5a117e1f7bf7fb27aeb75b09c0f3148de8aee11aff
  languageName: node
  linkType: hard

"@types/whatwg-url@npm:^11.0.2":
  version: 11.0.5
  resolution: "@types/whatwg-url@npm:11.0.5"
  dependencies:
    "@types/webidl-conversions": "npm:*"
  checksum: 10c0/7a9b9252dee98df6db1ad62337daca7f59ae50d7a3406d14ac6b57168d406004359994f3371155e24f3cf12002c4cb8bbb0883bd4cefb9d7ee8e2b510bdd7f5e
  languageName: node
  linkType: hard

"ansi-regex@npm:^5.0.1":
  version: 5.0.1
  resolution: "ansi-regex@npm:5.0.1"
  checksum: 10c0/9a64bb8627b434ba9327b60c027742e5d17ac69277960d041898596271d992d4d52ba7267a63ca10232e29f6107fc8a835f6ce8d719b88c5f8493f8254813737
  languageName: node
  linkType: hard

"ansi-regex@npm:^6.2.2":
  version: 6.2.2
  resolution: "ansi-regex@npm:6.2.2"
  checksum: 10c0/05d4acb1d2f59ab2cf4b794339c7b168890d44dda4bf0ce01152a8da0213aca207802f930442ce8cd22d7a92f44907664aac6508904e75e038fa944d2601b30f
  languageName: node
  linkType: hard

"ansi-styles@npm:^4.0.0":
  version: 4.3.0
  resolution: "ansi-styles@npm:4.3.0"
  dependencies:
    color-convert: "npm:^2.0.1"
  checksum: 10c0/895a23929da416f2bd3de7e9cb4eabd340949328ab85ddd6e484a637d8f6820d485f53933446f5291c3b760cbc488beb8e88573dd0f9c7daf83dccc8fe81b041
  languageName: node
  linkType: hard

"ansi-styles@npm:^6.1.0":
  version: 6.2.3
  resolution: "ansi-styles@npm:6.2.3"
  checksum: 10c0/23b8a4ce14e18fb854693b95351e286b771d23d8844057ed2e7d083cd3e708376c3323707ec6a24365f7d7eda3ca00327fe04092e29e551499ec4c8b7bfac868
  languageName: node
  linkType: hard

"balanced-match@npm:^1.0.0":
  version: 1.0.2
  resolution: "balanced-match@npm:1.0.2"
  checksum: 10c0/9308baf0a7e4838a82bbfd11e01b1cb0f0cf2893bc1676c27c2a8c0e70cbae1c59120c3268517a8ae7fb6376b4639ef81ca22582611dbee4ed28df945134aaee
  languageName: node
  linkType: hard

"brace-expansion@npm:^2.0.2":
  version: 2.1.1
  resolution: "brace-expansion@npm:2.1.1"
  dependencies:
    balanced-match: "npm:^1.0.0"
  checksum: 10c0/63b5ddce608b70b50a76817c0526faf8ea67a9180073d88bb402f6bbc22a22da6b1dfac4f65efc53e5faa80222fb7d44bbf2fc638c3f55365975573f671d0ccb
  languageName: node
  linkType: hard

"bson@npm:^6.10.4":
  version: 6.10.4
  resolution: "bson@npm:6.10.4"
  checksum: 10c0/6c6819ce642516901349f42c5d9d131d5a4e84352a3859c814d4abf6b2b9249e3685b57fc4cf7b5737fb5c71252f65900a41826c1429815a93e43f0f5bb3c173
  languageName: node
  linkType: hard

"color-convert@npm:^2.0.1":
  version: 2.0.1
  resolution: "color-convert@npm:2.0.1"
  dependencies:
    color-name: "npm:~1.1.4"
  checksum: 10c0/37e1150172f2e311fe1b2df62c6293a342ee7380da7b9cfdba67ea539909afbd74da27033208d01d6d5cfc65ee7868a22e18d7e7648e004425441c0f8a15a7d7
  languageName: node
  linkType: hard

"color-name@npm:~1.1.4":
  version: 1.1.4
  resolution: "color-name@npm:1.1.4"
  checksum: 10c0/a1a3f914156960902f46f7f56bc62effc6c94e84b2cae157a526b1c1f74b677a47ec602bf68a61abfa2b42d15b7c5651c6dbe72a43af720bc588dff885b10f95
  languageName: node
  linkType: hard

"cross-spawn@npm:^7.0.6":
  version: 7.0.6
  resolution: "cross-spawn@npm:7.0.6"
  dependencies:
    path-key: "npm:^3.1.0"
    shebang-command: "npm:^2.0.0"
    which: "npm:^2.0.1"
  checksum: 10c0/053ea8b2135caff68a9e81470e845613e374e7309a47731e81639de3eaeb90c3d01af0e0b44d2ab9d50b43467223b88567dfeb3262db942dc063b9976718ffc1
  languageName: node
  linkType: hard

"eastasianwidth@npm:^0.2.0":
  version: 0.2.0
  resolution: "eastasianwidth@npm:0.2.0"
  checksum: 10c0/26f364ebcdb6395f95124fda411f63137a4bfb5d3a06453f7f23dfe52502905bd84e0488172e0f9ec295fdc45f05c23d5d91baf16bd26f0fe9acd777a188dc39
  languageName: node
  linkType: hard

"emoji-regex@npm:^8.0.0":
  version: 8.0.0
  resolution: "emoji-regex@npm:8.0.0"
  checksum: 10c0/b6053ad39951c4cf338f9092d7bfba448cdfd46fe6a2a034700b149ac9ffbc137e361cbd3c442297f86bed2e5f7576c1b54cc0a6bf8ef5106cc62f496af35010
  languageName: node
  linkType: hard

"emoji-regex@npm:^9.2.2":
  version: 9.2.2
  resolution: "emoji-regex@npm:9.2.2"
  checksum: 10c0/af014e759a72064cf66e6e694a7fc6b0ed3d8db680427b021a89727689671cefe9d04151b2cad51dbaf85d5ba790d061cd167f1cf32eb7b281f6368b3c181639
  languageName: node
  linkType: hard

"foreground-child@npm:^3.1.0":
  version: 3.3.1
  resolution: "foreground-child@npm:3.3.1"
  dependencies:
    cross-spawn: "npm:^7.0.6"
    signal-exit: "npm:^4.0.1"
  checksum: 10c0/8986e4af2430896e65bc2788d6679067294d6aee9545daefc84923a0a4b399ad9c7a3ea7bd8c0b2b80fdf4a92de4c69df3f628233ff3224260e9c1541a9e9ed3
  languageName: node
  linkType: hard

"glob@npm:^10.2.2":
  version: 10.5.0
  resolution: "glob@npm:10.5.0"
  dependencies:
    foreground-child: "npm:^3.1.0"
    jackspeak: "npm:^3.1.2"
    minimatch: "npm:^9.0.4"
    minipass: "npm:^7.1.2"
    package-json-from-dist: "npm:^1.0.0"
    path-scurry: "npm:^1.11.1"
  bin:
    glob: dist/esm/bin.mjs
  checksum: 10c0/100705eddbde6323e7b35e1d1ac28bcb58322095bd8e63a7d0bef1a2cdafe0d0f7922a981b2b48369a4f8c1b077be5c171804534c3509dfe950dde15fbe6d828
  languageName: node
  linkType: hard

"inversify@npm:^6.0.0":
  version: 6.2.2
  resolution: "inversify@npm:6.2.2"
  dependencies:
    "@inversifyjs/common": "npm:1.4.0"
    "@inversifyjs/core": "npm:1.3.5"
  peerDependencies:
    reflect-metadata: ~0.2.2
  checksum: 10c0/f4acff320cebec022b408c7f081192e7e96296d40ee9cbc3915c6fe331333af53f4a418058e31c9d760bb00e36e97d4ae3ef5e4e18096f60f46f45b9a6540aeb
  languageName: node
  linkType: hard

"is-fullwidth-code-point@npm:^3.0.0":
  version: 3.0.0
  resolution: "is-fullwidth-code-point@npm:3.0.0"
  checksum: 10c0/bb11d825e049f38e04c06373a8d72782eee0205bda9d908cc550ccb3c59b99d750ff9537982e01733c1c94a58e35400661f57042158ff5e8f3e90cf936daf0fc
  languageName: node
  linkType: hard

"isexe@npm:^2.0.0":
  version: 2.0.0
  resolution: "isexe@npm:2.0.0"
  checksum: 10c0/228cfa503fadc2c31596ab06ed6aa82c9976eec2bfd83397e7eaf06d0ccf42cd1dfd6743bf9aeb01aebd4156d009994c5f76ea898d2832c1fe342da923ca457d
  languageName: node
  linkType: hard

"jackspeak@npm:^3.1.2":
  version: 3.4.3
  resolution: "jackspeak@npm:3.4.3"
  dependencies:
    "@isaacs/cliui": "npm:^8.0.2"
    "@pkgjs/parseargs": "npm:^0.11.0"
  dependenciesMeta:
    "@pkgjs/parseargs":
      optional: true
  checksum: 10c0/6acc10d139eaefdbe04d2f679e6191b3abf073f111edf10b1de5302c97ec93fffeb2fdd8681ed17f16268aa9dd4f8c588ed9d1d3bffbbfa6e8bf897cbb3149b9
  languageName: node
  linkType: hard

"jasmine-core@npm:^5.0.0, jasmine-core@npm:~5.13.0":
  version: 5.13.0
  resolution: "jasmine-core@npm:5.13.0"
  checksum: 10c0/3bbf1dbbde8017f41872a27f22bafd164fe4fcf834347af23d7d5a63e7e35c72c79e1596e6b384dd2906e885518419e13a6c7535ffabf8256b624110d664599d
  languageName: node
  linkType: hard

"jasmine@npm:^5.0.0":
  version: 5.13.0
  resolution: "jasmine@npm:5.13.0"
  dependencies:
    glob: "npm:^10.2.2"
    jasmine-core: "npm:~5.13.0"
  bin:
    jasmine: bin/jasmine.js
  checksum: 10c0/f71426ccaf08fe23fc542d41a3621e9dc7a0fd58790434896d8230c501d3950d7c907e6003771014de813cdd725b0415659303c44b33a84aea0e05b3751efc64
  languageName: node
  linkType: hard

"lru-cache@npm:^10.2.0":
  version: 10.4.3
  resolution: "lru-cache@npm:10.4.3"
  checksum: 10c0/ebd04fbca961e6c1d6c0af3799adcc966a1babe798f685bb84e6599266599cd95d94630b10262f5424539bc4640107e8a33aa28585374abf561d30d16f4b39fb
  languageName: node
  linkType: hard

"memory-pager@npm:^1.0.2":
  version: 1.5.0
  resolution: "memory-pager@npm:1.5.0"
  checksum: 10c0/2596e80c99fee24f05bd8a20cde2ee899012c996f4ec361ac76ed6f009f34149d733ac6f76880106ccd6a66d062ad439357578d383d429df66ba1278f68806e9
  languageName: node
  linkType: hard

"minimatch@npm:^9.0.4":
  version: 9.0.9
  resolution: "minimatch@npm:9.0.9"
  dependencies:
    brace-expansion: "npm:^2.0.2"
  checksum: 10c0/0b6a58530dbb00361745aa6c8cffaba4c90f551afe7c734830bd95fd88ebf469dd7355a027824ea1d09e37181cfeb0a797fb17df60c15ac174303ac110eb7e86
  languageName: node
  linkType: hard

"minipass@npm:^5.0.0 || ^6.0.2 || ^7.0.0, minipass@npm:^7.1.2":
  version: 7.1.3
  resolution: "minipass@npm:7.1.3"
  checksum: 10c0/539da88daca16533211ea5a9ee98dc62ff5742f531f54640dd34429e621955e91cc280a91a776026264b7f9f6735947629f920944e9c1558369e8bf22eb33fbb
  languageName: node
  linkType: hard

"mongodb-connection-string-url@npm:^3.0.2":
  version: 3.0.2
  resolution: "mongodb-connection-string-url@npm:3.0.2"
  dependencies:
    "@types/whatwg-url": "npm:^11.0.2"
    whatwg-url: "npm:^14.1.0 || ^13.0.0"
  checksum: 10c0/8b7ac99634f167dbe690e90fa10528e3ffc029faf2feabf36efb84299a04831130b3dba114dbe132f05a8a38022976904b625976996a4534bca4368e8fa5ba33
  languageName: node
  linkType: hard

"mongodb@npm:^6.0.0":
  version: 6.21.0
  resolution: "mongodb@npm:6.21.0"
  dependencies:
    "@mongodb-js/saslprep": "npm:^1.3.0"
    bson: "npm:^6.10.4"
    mongodb-connection-string-url: "npm:^3.0.2"
  peerDependencies:
    "@aws-sdk/credential-providers": ^3.188.0
    "@mongodb-js/zstd": ^1.1.0 || ^2.0.0
    gcp-metadata: ^5.2.0
    kerberos: ^2.0.1
    mongodb-client-encryption: ">=6.0.0 <7"
    snappy: ^7.3.2
    socks: ^2.7.1
  peerDependenciesMeta:
    "@aws-sdk/credential-providers":
      optional: true
    "@mongodb-js/zstd":
      optional: true
    gcp-metadata:
      optional: true
    kerberos:
      optional: true
    mongodb-client-encryption:
      optional: true
    snappy:
      optional: true
    socks:
      optional: true
  checksum: 10c0/3269316bdba174139e10cb25a1f22a8445beb14f26987d61dba922ddd5784b35b4bec563554da4d1ab180a3c1ff77f092ba858cd3ae3da45e3aaf706ef27a460
  languageName: node
  linkType: hard

"package-json-from-dist@npm:^1.0.0":
  version: 1.0.1
  resolution: "package-json-from-dist@npm:1.0.1"
  checksum: 10c0/62ba2785eb655fec084a257af34dbe24292ab74516d6aecef97ef72d4897310bc6898f6c85b5cd22770eaa1ce60d55a0230e150fb6a966e3ecd6c511e23d164b
  languageName: node
  linkType: hard

"path-key@npm:^3.1.0":
  version: 3.1.1
  resolution: "path-key@npm:3.1.1"
  checksum: 10c0/748c43efd5a569c039d7a00a03b58eecd1d75f3999f5a28303d75f521288df4823bc057d8784eb72358b2895a05f29a070bc9f1f17d28226cc4e62494cc58c4c
  languageName: node
  linkType: hard

"path-scurry@npm:^1.11.1":
  version: 1.11.1
  resolution: "path-scurry@npm:1.11.1"
  dependencies:
    lru-cache: "npm:^10.2.0"
    minipass: "npm:^5.0.0 || ^6.0.2 || ^7.0.0"
  checksum: 10c0/32a13711a2a505616ae1cc1b5076801e453e7aae6ac40ab55b388bb91b9d0547a52f5aaceff710ea400205f18691120d4431e520afbe4266b836fadede15872d
  languageName: node
  linkType: hard

"punycode@npm:^2.3.1":
  version: 2.3.1
  resolution: "punycode@npm:2.3.1"
  checksum: 10c0/14f76a8206bc3464f794fb2e3d3cc665ae416c01893ad7a02b23766eb07159144ee612ad67af5e84fa4479ccfe67678c4feb126b0485651b302babf66f04f9e9
  languageName: node
  linkType: hard

"reflect-metadata@npm:^0.2.0":
  version: 0.2.2
  resolution: "reflect-metadata@npm:0.2.2"
  checksum: 10c0/1cd93a15ea291e420204955544637c264c216e7aac527470e393d54b4bb075f10a17e60d8168ec96600c7e0b9fcc0cb0bb6e91c3fbf5b0d8c9056f04e6ac1ec2
  languageName: node
  linkType: hard

"shebang-command@npm:^2.0.0":
  version: 2.0.0
  resolution: "shebang-command@npm:2.0.0"
  dependencies:
    shebang-regex: "npm:^3.0.0"
  checksum: 10c0/a41692e7d89a553ef21d324a5cceb5f686d1f3c040759c50aab69688634688c5c327f26f3ecf7001ebfd78c01f3c7c0a11a7c8bfd0a8bc9f6240d4f40b224e4e
  languageName: node
  linkType: hard

"shebang-regex@npm:^3.0.0":
  version: 3.0.0
  resolution: "shebang-regex@npm:3.0.0"
  checksum: 10c0/1dbed0726dd0e1152a92696c76c7f06084eb32a90f0528d11acd764043aacf76994b2fb30aa1291a21bd019d6699164d048286309a278855ee7bec06cf6fb690
  languageName: node
  linkType: hard

"signal-exit@npm:^4.0.1":
  version: 4.1.0
  resolution: "signal-exit@npm:4.1.0"
  checksum: 10c0/41602dce540e46d599edba9d9860193398d135f7ff72cab629db5171516cfae628d21e7bfccde1bbfdf11c48726bc2a6d1a8fb8701125852fbfda7cf19c6aa83
  languageName: node
  linkType: hard

"sparse-bitfield@npm:^3.0.3":
  version: 3.0.3
  resolution: "sparse-bitfield@npm:3.0.3"
  dependencies:
    memory-pager: "npm:^1.0.2"
  checksum: 10c0/248c6ff7b5e354735e1daac4059222a29c9d291dfcf265daf675d13515eeaac454cfcccd687c8d134f86698b39abd7ad4d7434f7272dd6f8e41a00f21aae4194
  languageName: node
  linkType: hard

"string-width-cjs@npm:string-width@^4.2.0, string-width@npm:^4.1.0":
  version: 4.2.3
  resolution: "string-width@npm:4.2.3"
  dependencies:
    emoji-regex: "npm:^8.0.0"
    is-fullwidth-code-point: "npm:^3.0.0"
    strip-ansi: "npm:^6.0.1"
  checksum: 10c0/1e525e92e5eae0afd7454086eed9c818ee84374bb80328fc41217ae72ff5f065ef1c9d7f72da41de40c75fa8bb3dee63d92373fd492c84260a552c636392a47b
  languageName: node
  linkType: hard

"string-width@npm:^5.0.1, string-width@npm:^5.1.2":
  version: 5.1.2
  resolution: "string-width@npm:5.1.2"
  dependencies:
    eastasianwidth: "npm:^0.2.0"
    emoji-regex: "npm:^9.2.2"
    strip-ansi: "npm:^7.0.1"
  checksum: 10c0/ab9c4264443d35b8b923cbdd513a089a60de339216d3b0ed3be3ba57d6880e1a192b70ae17225f764d7adbf5994e9bb8df253a944736c15a0240eff553c678ca
  languageName: node
  linkType: hard

"strip-ansi-cjs@npm:strip-ansi@^6.0.1, strip-ansi@npm:^6.0.0, strip-ansi@npm:^6.0.1":
  version: 6.0.1
  resolution: "strip-ansi@npm:6.0.1"
  dependencies:
    ansi-regex: "npm:^5.0.1"
  checksum: 10c0/1ae5f212a126fe5b167707f716942490e3933085a5ff6c008ab97ab2f272c8025d3aa218b7bd6ab25729ca20cc81cddb252102f8751e13482a5199e873680952
  languageName: node
  linkType: hard

"strip-ansi@npm:^7.0.1":
  version: 7.2.0
  resolution: "strip-ansi@npm:7.2.0"
  dependencies:
    ansi-regex: "npm:^6.2.2"
  checksum: 10c0/544d13b7582f8254811ea97db202f519e189e59d35740c46095897e254e4f1aa9fe1524a83ad6bc5ad67d4dd6c0281d2e0219ed62b880a6238a16a17d375f221
  languageName: node
  linkType: hard

"tr46@npm:^5.1.0":
  version: 5.1.1
  resolution: "tr46@npm:5.1.1"
  dependencies:
    punycode: "npm:^2.3.1"
  checksum: 10c0/ae270e194d52ec67ebd695c1a42876e0f19b96e4aca2ab464ab1d9d17dc3acd3e18764f5034c93897db73421563be27c70c98359c4501136a497e46deda5d5ec
  languageName: node
  linkType: hard

"typescript@npm:^5.0.0":
  version: 5.9.3
  resolution: "typescript@npm:5.9.3"
  bin:
    tsc: bin/tsc
    tsserver: bin/tsserver
  checksum: 10c0/6bd7552ce39f97e711db5aa048f6f9995b53f1c52f7d8667c1abdc1700c68a76a308f579cd309ce6b53646deb4e9a1be7c813a93baaf0a28ccd536a30270e1c5
  languageName: node
  linkType: hard

"typescript@patch:typescript@npm%3A^5.0.0#optional!builtin<compat/typescript>":
  version: 5.9.3
  resolution: "typescript@patch:typescript@npm%3A5.9.3#optional!builtin<compat/typescript>::version=5.9.3&hash=5786d5"
  bin:
    tsc: bin/tsc
    tsserver: bin/tsserver
  checksum: 10c0/ad09fdf7a756814dce65bc60c1657b40d44451346858eea230e10f2e95a289d9183b6e32e5c11e95acc0ccc214b4f36289dcad4bf1886b0adb84d711d336a430
  languageName: node
  linkType: hard

"undici-types@npm:~6.21.0":
  version: 6.21.0
  resolution: "undici-types@npm:6.21.0"
  checksum: 10c0/c01ed51829b10aa72fc3ce64b747f8e74ae9b60eafa19a7b46ef624403508a54c526ffab06a14a26b3120d055e1104d7abe7c9017e83ced038ea5cf52f8d5e04
  languageName: node
  linkType: hard

"webidl-conversions@npm:^7.0.0":
  version: 7.0.0
  resolution: "webidl-conversions@npm:7.0.0"
  checksum: 10c0/228d8cb6d270c23b0720cb2d95c579202db3aaf8f633b4e9dd94ec2000a04e7e6e43b76a94509cdb30479bd00ae253ab2371a2da9f81446cc313f89a4213a2c4
  languageName: node
  linkType: hard

"whatwg-url@npm:^14.1.0 || ^13.0.0":
  version: 14.2.0
  resolution: "whatwg-url@npm:14.2.0"
  dependencies:
    tr46: "npm:^5.1.0"
    webidl-conversions: "npm:^7.0.0"
  checksum: 10c0/f746fc2f4c906607d09537de1227b13f9494c171141e5427ed7d2c0dd0b6a48b43d8e71abaae57d368d0c06b673fd8ec63550b32ad5ed64990c7b0266c2b4272
  languageName: node
  linkType: hard

"which@npm:^2.0.1":
  version: 2.0.2
  resolution: "which@npm:2.0.2"
  dependencies:
    isexe: "npm:^2.0.0"
  bin:
    node-which: ./bin/node-which
  checksum: 10c0/66522872a768b60c2a65a57e8ad184e5372f5b6a9ca6d5f033d4b0dc98aff63995655a7503b9c0a2598936f532120e81dd8cc155e2e92ed662a2b9377cc4374f
  languageName: node
  linkType: hard

"wrap-ansi-cjs@npm:wrap-ansi@^7.0.0":
  version: 7.0.0
  resolution: "wrap-ansi@npm:7.0.0"
  dependencies:
    ansi-styles: "npm:^4.0.0"
    string-width: "npm:^4.1.0"
    strip-ansi: "npm:^6.0.0"
  checksum: 10c0/d15fc12c11e4cbc4044a552129ebc75ee3f57aa9c1958373a4db0292d72282f54373b536103987a4a7594db1ef6a4f10acf92978f79b98c49306a4b58c77d4da
  languageName: node
  linkType: hard

"wrap-ansi@npm:^8.1.0":
  version: 8.1.0
  resolution: "wrap-ansi@npm:8.1.0"
  dependencies:
    ansi-styles: "npm:^6.1.0"
    string-width: "npm:^5.0.1"
    strip-ansi: "npm:^7.0.1"
  checksum: 10c0/138ff58a41d2f877eae87e3282c0630fc2789012fc1af4d6bd626eeb9a2f9a65ca92005e6e69a75c7b85a68479fe7443c7dbe1eb8fbaa681a4491364b7c55c60
  languageName: node
  linkType: hard
